
Microsoft Visual Studio Solution File, Format Version 12.00
# Visual Studio Version 18
VisualStudioVersion = 18.2.11415.280 d18.0
MinimumVisualStudioVersion = 10.0.40219.1
Project("{FAE04EC0-301F-11D3-BF4B-00C04F79EFBC}") = "TusharPortfolio", "TusharPortfolio.csproj", "{58AD0650-5F01-1C02-14C6-BD32B0C40302}"
EndProject
Global
	GlobalSection(SolutionConfigurationPlatforms) = preSolution
		Debug|Any CPU = Debug|Any CPU
		Release|Any CPU = Release|Any CPU
	EndGlobalSection
	GlobalSection(ProjectConfigurationPlatforms) = postSolution
		{58AD0650-5F01-1C02-14C6-BD32B0C40302}.Debug|Any CPU.ActiveCfg = Debug|Any CPU
		{58AD0650-5F01-1C02-14C6-BD32B0C40302}.Debug|Any CPU.Build.0 = Debug|Any CPU
		{58AD0650-5F01-1C02-14C6-BD32B0C40302}.Release|Any CPU.ActiveCfg = Release|Any CPU
		{58AD0650-5F01-1C02-14C6-BD32B0C40302}.Release|Any CPU.Build.0 = Release|Any CPU
	EndGlobalSection
	GlobalSection(SolutionProperties) = preSolution
		HideSolutionNode = FALSE
	EndGlobalSection
	GlobalSection(ExtensibilityGlobals) = postSolution
		SolutionGuid = {B3BC9539-52C9-486F-B1EC-CA1C4E2CCA8F}
	EndGlobalSection
EndGlobal
